
Microsoft Visual Studio Solution File, Format Version 12.00
# Visual Studio Version 17
VisualStudioVersion = 17.5.33627.172
MinimumVisualStudioVersion = 10.0.40219.1
Project("{FAE04EC0-301F-11D3-BF4B-00C04F79EFBC}") = "OnionArchitecture", "OnionArchitecture\OnionArchitecture.csproj", "{58724B16-95BC-4C16-BE3F-AF407AB1E809}"
EndProject
Global
	GlobalSection(SolutionConfigurationPlatforms) = preSolution
		Debug|Any CPU = Debug|Any CPU
		Release|Any CPU = Release|Any CPU
	EndGlobalSection
	GlobalSection(ProjectConfigurationPlatforms) = postSolution
		{58724B16-95BC-4C16-BE3F-AF407AB1E809}.Debug|Any CPU.ActiveCfg = Debug|Any CPU
		{58724B16-95BC-4C16-BE3F-AF407AB1E809}.Debug|Any CPU.Build.0 = Debug|Any CPU
		{58724B16-95BC-4C16-BE3F-AF407AB1E809}.Release|Any CPU.ActiveCfg = Release|Any CPU
		{58724B16-95BC-4C16-BE3F-AF407AB1E809}.Release|Any CPU.Build.0 = Release|Any CPU
	EndGlobalSection
	GlobalSection(SolutionProperties) = preSolution
		HideSolutionNode = FALSE
	EndGlobalSection
	GlobalSection(ExtensibilityGlobals) = postSolution
		SolutionGuid = {79F058AC-49B2-430B-8DBC-5409D8AE696C}
	EndGlobalSection
EndGlobal
